
Microsoft Visual Studio Solution File, Format Version 12.00
# Visual Studio Version 17
VisualStudioVersion = 17.12.35527.113 d17.12
MinimumVisualStudioVersion = 10.0.40219.1
Project("{FAE04EC0-301F-11D3-BF4B-00C04F79EFBC}") = "LinqQuerySystem", "LinqQuerySystem.csproj", "{EEF73309-E700-402A-826D-8BBBE553B001}"
EndProject
Global
	GlobalSection(SolutionConfigurationPlatforms) = preSolution
		Debug|Any CPU = Debug|Any CPU
		Release|Any CPU = Release|Any CPU
	EndGlobalSection
	GlobalSection(ProjectConfigurationPlatforms) = postSolution
		{EEF73309-E700-402A-826D-8BBBE553B001}.Debug|Any CPU.ActiveCfg = Debug|Any CPU
		{EEF73309-E700-402A-826D-8BBBE553B001}.Debug|Any CPU.Build.0 = Debug|Any CPU
		{EEF73309-E700-402A-826D-8BBBE553B001}.Release|Any CPU.ActiveCfg = Release|Any CPU
		{EEF73309-E700-402A-826D-8BBBE553B001}.Release|Any CPU.Build.0 = Release|Any CPU
	EndGlobalSection
	GlobalSection(SolutionProperties) = preSolution
		HideSolutionNode = FALSE
	EndGlobalSection
EndGlobal
